<?xml version="1.0" encoding="utf-8"?>
<Project ToolsVersion="4.0" xmlns="http://schemas.microsoft.com/developer/msbuild/2003">
  <ItemGroup>
    <Filter Include="Source Files">
      <UniqueIdentifier>{4FC737F1-C7A5-4376-A066-2A32D752A2FF}</UniqueIdentifier>
      <Extensions>cpp;c;cc;cxx;def;odl;idl;hpj;bat;asm;asmx</Extensions>
    </Filter>
    <Filter Include="Header Files">
      <UniqueIdentifier>{93995380-89BD-4b04-88EB-625FBE52EBFB}</UniqueIdentifier>
      <Extensions>h;hh;hpp;hxx;hm;inl;inc;xsd</Extensions>
    </Filter>
    <Filter Include="Resource Files">
      <UniqueIdentifier>{67DA6AB6-F800-4c08-8B7A-83BB121AAD01}</UniqueIdentifier>
      <Extensions>rc;ico;cur;bmp;dlg;rc2;rct;bin;rgs;gif;jpg;jpeg;jpe;resx;tiff;tif;png;wav</Extensions>
    </Filter>
    <Filter Include="docs">
      <UniqueIdentifier>{3e1d716f-b9bb-4e3d-9824-84e11a3e035a}</UniqueIdentifier>
    </Filter>
    <Filter Include="Header Files\base">
      <UniqueIdentifier>{8bfb3350-205e-40f6-977a-882ce281505a}</UniqueIdentifier>
    </Filter>
    <Filter Include="Source Files\base">
      <UniqueIdentifier>{943fab21-14b7-4094-be75-ad2667cd063f}</UniqueIdentifier>
    </Filter>
    <Filter Include="Header Files\model">
      <UniqueIdentifier>{820d0bbe-823e-4a2f-af05-53de236907b6}</UniqueIdentifier>
    </Filter>
    <Filter Include="Source Files\model">
      <UniqueIdentifier>{dc8908bd-669a-478b-b3aa-cc4a7d61975d}</UniqueIdentifier>
    </Filter>
    <Filter Include="Source Files\shaders">
      <UniqueIdentifier>{4b9640ab-3ca8-4181-a8a4-b43faf1930f0}</UniqueIdentifier>
    </Filter>
  </ItemGroup>
  <ItemGroup>
    <ClCompile Include="base\vulkandebug.cpp">
      <Filter>Source Files\base</Filter>
    </ClCompile>
    <ClCompile Include="base\vulkantools.cpp">
      <Filter>Source Files\base</Filter>
    </ClCompile>
    <ClCompile Include="source\Window.cpp">
      <Filter>Source Files</Filter>
    </ClCompile>
    <ClCompile Include="source\VulkanBase.cpp">
      <Filter>Source Files</Filter>
    </ClCompile>
    <ClCompile Include="source\VulkanDebug.cpp">
      <Filter>Source Files</Filter>
    </ClCompile>
    <ClCompile Include="source\VulkanHelpers.cpp">
      <Filter>Source Files</Filter>
    </ClCompile>
    <ClCompile Include="source\Timer.cpp">
      <Filter>Source Files</Filter>
    </ClCompile>
    <ClCompile Include="source\main.cpp">
      <Filter>Source Files</Filter>
    </ClCompile>
    <ClCompile Include="source\Game.cpp">
      <Filter>Source Files</Filter>
    </ClCompile>
    <ClCompile Include="source\VulkanApp.cpp">
      <Filter>Source Files</Filter>
    </ClCompile>
    <ClCompile Include="source\Camera.cpp">
      <Filter>Source Files</Filter>
    </ClCompile>
    <ClCompile Include="source\DescriptorSet.cpp">
      <Filter>Source Files</Filter>
    </ClCompile>
    <ClCompile Include="source\StaticModel.h">
      <Filter>Header Files\model</Filter>
    </ClCompile>
    <ClCompile Include="source\Light.cpp">
      <Filter>Source Files</Filter>
    </ClCompile>
    <ClCompile Include="source\Object.cpp">
      <Filter>Source Files</Filter>
    </ClCompile>
    <ClCompile Include="source\ModelLoader.cpp">
      <Filter>Source Files\model</Filter>
    </ClCompile>
    <ClCompile Include="source\StaticModel.cpp">
      <Filter>Source Files\model</Filter>
    </ClCompile>
    <ClCompile Include="source\BigUniformBuffer.cpp">
      <Filter>Source Files</Filter>
    </ClCompile>
  </ItemGroup>
  <ItemGroup>
    <ClInclude Include="base\vulkandebug.h">
      <Filter>Header Files\base</Filter>
    </ClInclude>
    <ClInclude Include="base\vulkantools.h">
      <Filter>Header Files\base</Filter>
    </ClInclude>
    <ClInclude Include="source\VulkanBase.h">
      <Filter>Header Files</Filter>
    </ClInclude>
    <ClInclude Include="source\Platform.h">
      <Filter>Header Files</Filter>
    </ClInclude>
    <ClInclude Include="source\Window.h">
      <Filter>Header Files</Filter>
    </ClInclude>
    <ClInclude Include="source\VulkanDebug.h">
      <Filter>Header Files</Filter>
    </ClInclude>
    <ClInclude Include="source\VulkanHelpers.h">
      <Filter>Header Files</Filter>
    </ClInclude>
    <ClInclude Include="source\Timer.h">
      <Filter>Header Files</Filter>
    </ClInclude>
    <ClInclude Include="source\Game.h">
      <Filter>Header Files</Filter>
    </ClInclude>
    <ClInclude Include="source\VulkanApp.h">
      <Filter>Header Files</Filter>
    </ClInclude>
    <ClInclude Include="source\Camera.h">
      <Filter>Header Files</Filter>
    </ClInclude>
    <ClInclude Include="source\VertexDescription.h">
      <Filter>Header Files</Filter>
    </ClInclude>
    <ClInclude Include="source\UniformBuffer.h">
      <Filter>Header Files</Filter>
    </ClInclude>
    <ClInclude Include="source\DescriptorSet.h">
      <Filter>Header Files</Filter>
    </ClInclude>
    <ClInclude Include="source\BigUniformBuffer.h">
      <Filter>Header Files</Filter>
    </ClInclude>
    <ClInclude Include="source\ModelLoader.h">
      <Filter>Header Files\model</Filter>
    </ClInclude>
    <ClInclude Include="source\Light.h">
      <Filter>Header Files</Filter>
    </ClInclude>
    <ClInclude Include="source\Object.h">
      <Filter>Header Files</Filter>
    </ClInclude>
    <ClInclude Include="base\vulkanswapchain.hpp">
      <Filter>Header Files\base</Filter>
    </ClInclude>
  </ItemGroup>
  <ItemGroup>
    <None Include="docs\roadmap.md">
      <Filter>docs</Filter>
    </None>
    <None Include="docs\software_requirements.md">
      <Filter>docs</Filter>
    </None>
    <None Include="docs\system_requirements.md">
      <Filter>docs</Filter>
    </None>
    <None Include="source\notes.md">
      <Filter>docs</Filter>
    </None>
    <None Include="README.md">
      <Filter>Source Files</Filter>
    </None>
    <None Include="data\shaders\phong\phong.frag">
      <Filter>Source Files\shaders</Filter>
    </None>
    <None Include="data\shaders\phong\phong.vert">
      <Filter>Source Files\shaders</Filter>
    </None>
  </ItemGroup>
</Project>