<?xml version="1.0" encoding="utf-8"?>
<Project ToolsVersion="4.0" xmlns="http://schemas.microsoft.com/developer/msbuild/2003">
  <ItemGroup>
    <Filter Include="Source Files">
      <UniqueIdentifier>{4FC737F1-C7A5-4376-A066-2A32D752A2FF}</UniqueIdentifier>
      <Extensions>cpp;c;cc;cxx;def;odl;idl;hpj;bat;asm;asmx</Extensions>
    </Filter>
    <Filter Include="Header Files">
      <UniqueIdentifier>{93995380-89BD-4b04-88EB-625FBE52EBFB}</UniqueIdentifier>
      <Extensions>h;hh;hpp;hxx;hm;inl;inc;xsd</Extensions>
    </Filter>
    <Filter Include="Resource Files">
      <UniqueIdentifier>{67DA6AB6-F800-4c08-8B7A-83BB121AAD01}</UniqueIdentifier>
      <Extensions>rc;ico;cur;bmp;dlg;rc2;rct;bin;rgs;gif;jpg;jpeg;jpe;resx;tiff;tif;png;wav</Extensions>
    </Filter>
    <Filter Include="docs">
      <UniqueIdentifier>{3e1d716f-b9bb-4e3d-9824-84e11a3e035a}</UniqueIdentifier>
    </Filter>
    <Filter Include="Source Files\model">
      <UniqueIdentifier>{dc8908bd-669a-478b-b3aa-cc4a7d61975d}</UniqueIdentifier>
    </Filter>
    <Filter Include="Source Files\shaders">
      <UniqueIdentifier>{4b9640ab-3ca8-4181-a8a4-b43faf1930f0}</UniqueIdentifier>
    </Filter>
    <Filter Include="Source Files\shaders\phong">
      <UniqueIdentifier>{1f6e2f10-3ba8-458e-8275-2b47ce8d723a}</UniqueIdentifier>
    </Filter>
    <Filter Include="Source Files\shaders\test">
      <UniqueIdentifier>{5ae90826-31cc-411d-b982-f7a88e2ba631}</UniqueIdentifier>
    </Filter>
    <Filter Include="Source Files\ecs">
      <UniqueIdentifier>{097edc4d-5926-4d5c-be13-6590d56b72dc}</UniqueIdentifier>
    </Filter>
    <Filter Include="Source Files\vulkan">
      <UniqueIdentifier>{066db12e-ccda-4f4e-807c-e3d02017ffb4}</UniqueIdentifier>
    </Filter>
    <Filter Include="Source Files\vulkan\handles">
      <UniqueIdentifier>{9195b835-50c6-4ffd-96bd-187dd8c7fd6f}</UniqueIdentifier>
    </Filter>
    <Filter Include="Source Files\ecs\systems">
      <UniqueIdentifier>{bcbd577c-5819-4520-9087-456c369683e5}</UniqueIdentifier>
    </Filter>
    <Filter Include="Source Files\ecs\components">
      <UniqueIdentifier>{5c273a02-ddf0-4826-bbf4-841160c99fe7}</UniqueIdentifier>
    </Filter>
    <Filter Include="Source Files\shaders\geometry">
      <UniqueIdentifier>{af8adda5-88c8-474b-ad59-41a01731b147}</UniqueIdentifier>
    </Filter>
    <Filter Include="Source Files\shaders\text">
      <UniqueIdentifier>{da46520d-639e-4ddb-b824-4fadd75d4061}</UniqueIdentifier>
    </Filter>
    <Filter Include="Source Files\terrain">
      <UniqueIdentifier>{414efb07-45ba-48ec-9c6c-52ae7b95efef}</UniqueIdentifier>
    </Filter>
    <Filter Include="Source Files\vulkan\effects">
      <UniqueIdentifier>{a539331b-42e5-4ee9-b63a-74238eb7d995}</UniqueIdentifier>
    </Filter>
    <Filter Include="Source Files\vulkan\effects\phong">
      <UniqueIdentifier>{8a094928-af10-4c91-bfc2-35a9836209a4}</UniqueIdentifier>
    </Filter>
    <Filter Include="Source Files\vulkan\effects\marching_cubes">
      <UniqueIdentifier>{2515ac29-6c7f-4467-8329-a070f90922e3}</UniqueIdentifier>
    </Filter>
    <Filter Include="Source Files\shaders\marching_cubes">
      <UniqueIdentifier>{b08f960f-908f-4177-bf0d-dd0ebc16a980}</UniqueIdentifier>
    </Filter>
    <Filter Include="Source Files\vulkan\effects\terrain">
      <UniqueIdentifier>{e4d33f4f-5750-40ac-9f0c-a40b4456de31}</UniqueIdentifier>
    </Filter>
    <Filter Include="Source Files\vulkan\effects\terrain\shader">
      <UniqueIdentifier>{a5c83643-f2fd-4e9c-8311-a98988b62949}</UniqueIdentifier>
    </Filter>
    <Filter Include="Source Files\vulkan\effects\marching_cubes\shader">
      <UniqueIdentifier>{e72cafff-ef38-42f9-9b8b-fcce7774e9f6}</UniqueIdentifier>
    </Filter>
    <Filter Include="Source Files\vulkan\effects\phong\shaders">
      <UniqueIdentifier>{53d2ba0f-7ffc-4e55-baa5-91b6540e3e11}</UniqueIdentifier>
    </Filter>
    <Filter Include="Source Files\vulkan\effects\screenquad">
      <UniqueIdentifier>{4864e690-918c-4063-9f76-b0de6383da9c}</UniqueIdentifier>
    </Filter>
    <Filter Include="Source Files\vulkan\effects\screenquad\shaders">
      <UniqueIdentifier>{aebf40db-f2cf-4cec-9c3e-5dd808f44e2b}</UniqueIdentifier>
    </Filter>
    <Filter Include="Source Files\vulkan\effects\water">
      <UniqueIdentifier>{e76d2d4e-f7db-439f-a07b-03cf53c00416}</UniqueIdentifier>
    </Filter>
    <Filter Include="Source Files\vulkan\effects\water\shader">
      <UniqueIdentifier>{f89a2535-5b4b-400d-b1ed-a87415ea85f0}</UniqueIdentifier>
    </Filter>
    <Filter Include="Source Files\vulkan\effects\normal_debug">
      <UniqueIdentifier>{c55754cb-3544-405c-89d6-f4211a79d321}</UniqueIdentifier>
    </Filter>
    <Filter Include="Source Files\vulkan\effects\normal_debug\shaders">
      <UniqueIdentifier>{9c20ce3d-c728-4142-9835-28dc1bd97e83}</UniqueIdentifier>
    </Filter>
    <Filter Include="Source Files\renderer">
      <UniqueIdentifier>{528e9b7c-2c67-4027-869f-9a736121f7f6}</UniqueIdentifier>
    </Filter>
    <Filter Include="Source Files\scene">
      <UniqueIdentifier>{7ad10947-836d-485d-a60b-f8dfda93b248}</UniqueIdentifier>
    </Filter>
    <Filter Include="Source Files\utility">
      <UniqueIdentifier>{0ce3b1c7-52a2-4ecd-bde8-34ffa1353e31}</UniqueIdentifier>
    </Filter>
    <Filter Include="Source Files\vulkan\effects\imgui">
      <UniqueIdentifier>{ef086332-9e61-4844-acc5-338e98475e68}</UniqueIdentifier>
    </Filter>
    <Filter Include="Source Files\vulkan\effects\imgui\shader">
      <UniqueIdentifier>{ba516b85-6693-4347-a9bc-aa7cf15d56c2}</UniqueIdentifier>
    </Filter>
    <Filter Include="Source Files\vulkan\effects\gbuffer">
      <UniqueIdentifier>{5819a46d-cc78-40aa-bd8f-e2709850e683}</UniqueIdentifier>
    </Filter>
    <Filter Include="Source Files\vulkan\effects\gbuffer\shaders">
      <UniqueIdentifier>{6b99be89-bdbb-4b8b-b2f6-7be7c2d1c480}</UniqueIdentifier>
    </Filter>
    <Filter Include="Source Files\vulkan\effects\deferred">
      <UniqueIdentifier>{2902e213-eb50-41dd-b672-61fcb6104e60}</UniqueIdentifier>
    </Filter>
    <Filter Include="Source Files\vulkan\effects\deferred\shaders">
      <UniqueIdentifier>{f666b832-3d71-4392-9c87-2b94e8a7c42a}</UniqueIdentifier>
    </Filter>
    <Filter Include="Source Files\vulkan\effects\ssao">
      <UniqueIdentifier>{9bc351c4-fe12-4ea4-9d0a-416528effed4}</UniqueIdentifier>
    </Filter>
    <Filter Include="Source Files\vulkan\effects\ssao\shader">
      <UniqueIdentifier>{18a69f57-639b-4b84-bd29-d3529a79dd1b}</UniqueIdentifier>
    </Filter>
    <Filter Include="Source Files\vulkan\effects\blur">
      <UniqueIdentifier>{4314322c-60f8-45d9-b6df-583a8382a549}</UniqueIdentifier>
    </Filter>
    <Filter Include="Source Files\vulkan\effects\blur\shader">
      <UniqueIdentifier>{2d820ba9-008b-4274-8cc3-46eafa8a7c76}</UniqueIdentifier>
    </Filter>
    <Filter Include="Source Files\imgui">
      <UniqueIdentifier>{bbe3eb5b-1ef1-4192-a376-c2dfed6f22a3}</UniqueIdentifier>
    </Filter>
    <Filter Include="Source Files\terrain\heightmap">
      <UniqueIdentifier>{086ce1f3-36ed-4ba2-a25b-c53fd611d7ea}</UniqueIdentifier>
    </Filter>
    <Filter Include="Source Files\terrain\marching_cubes">
      <UniqueIdentifier>{7d04a0ed-d7fe-4e8f-85d6-6b284527227e}</UniqueIdentifier>
    </Filter>
  </ItemGroup>
  <ItemGroup>
    <ClCompile Include="source\Window.cpp">
      <Filter>Source Files</Filter>
    </ClCompile>
    <ClCompile Include="source\main.cpp">
      <Filter>Source Files</Filter>
    </ClCompile>
    <ClCompile Include="source\Game.cpp">
      <Filter>Source Files</Filter>
    </ClCompile>
    <ClCompile Include="source\Camera.cpp">
      <Filter>Source Files</Filter>
    </ClCompile>
    <ClCompile Include="source\vulkan\handles\CommandBuffer.cpp">
      <Filter>Source Files\vulkan\handles</Filter>
    </ClCompile>
    <ClCompile Include="source\vulkan\handles\CommandPool.cpp">
      <Filter>Source Files\vulkan\handles</Filter>
    </ClCompile>
    <ClCompile Include="source\vulkan\handles\DescriptorSet.cpp">
      <Filter>Source Files\vulkan\handles</Filter>
    </ClCompile>
    <ClCompile Include="source\vulkan\handles\Fence.cpp">
      <Filter>Source Files\vulkan\handles</Filter>
    </ClCompile>
    <ClCompile Include="source\vulkan\handles\FrameBuffers.cpp">
      <Filter>Source Files\vulkan\handles</Filter>
    </ClCompile>
    <ClCompile Include="source\vulkan\handles\Handle.cpp">
      <Filter>Source Files\vulkan\handles</Filter>
    </ClCompile>
    <ClCompile Include="source\vulkan\handles\Image.cpp">
      <Filter>Source Files\vulkan\handles</Filter>
    </ClCompile>
    <ClCompile Include="source\vulkan\handles\Instance.cpp">
      <Filter>Source Files\vulkan\handles</Filter>
    </ClCompile>
    <ClCompile Include="source\vulkan\handles\PipelineLayout.cpp">
      <Filter>Source Files\vulkan\handles</Filter>
    </ClCompile>
    <ClCompile Include="source\vulkan\handles\Queue.cpp">
      <Filter>Source Files\vulkan\handles</Filter>
    </ClCompile>
    <ClCompile Include="source\vulkan\handles\RenderPass.cpp">
      <Filter>Source Files\vulkan\handles</Filter>
    </ClCompile>
    <ClCompile Include="source\vulkan\handles\Semaphore.cpp">
      <Filter>Source Files\vulkan\handles</Filter>
    </ClCompile>
    <ClCompile Include="source\vulkan\ModelLoader.cpp">
      <Filter>Source Files\vulkan</Filter>
    </ClCompile>
    <ClCompile Include="source\vulkan\StaticModel.cpp">
      <Filter>Source Files\vulkan</Filter>
    </ClCompile>
    <ClCompile Include="source\vulkan\TextureLoader.cpp">
      <Filter>Source Files\vulkan</Filter>
    </ClCompile>
    <ClCompile Include="source\vulkan\VulkanBase.cpp">
      <Filter>Source Files\vulkan</Filter>
    </ClCompile>
    <ClCompile Include="source\vulkan\VulkanDebug.cpp">
      <Filter>Source Files\vulkan</Filter>
    </ClCompile>
    <ClCompile Include="source\vulkan\Device.cpp">
      <Filter>Source Files\vulkan</Filter>
    </ClCompile>
    <ClCompile Include="source\vulkan\Mesh.cpp">
      <Filter>Source Files\vulkan</Filter>
    </ClCompile>
    <ClCompile Include="source\vulkan\handles\DescriptorSetLayout.cpp">
      <Filter>Source Files\vulkan\handles</Filter>
    </ClCompile>
    <ClCompile Include="source\vulkan\Renderer.cpp">
      <Filter>Source Files\vulkan</Filter>
    </ClCompile>
    <ClCompile Include="source\vulkan\TextOverlay.cpp">
      <Filter>Source Files\vulkan</Filter>
    </ClCompile>
    <ClCompile Include="source\vulkan\handles\Texture.cpp">
      <Filter>Source Files\vulkan\handles</Filter>
    </ClCompile>
    <ClCompile Include="source\vulkan\handles\Buffer.cpp">
      <Filter>Source Files\vulkan\handles</Filter>
    </ClCompile>
    <ClCompile Include="source\vulkan\ShaderBuffer.cpp">
      <Filter>Source Files\vulkan</Filter>
    </ClCompile>
    <ClCompile Include="source\vulkan\handles\ComputePipeline.cpp">
      <Filter>Source Files\vulkan\handles</Filter>
    </ClCompile>
    <ClCompile Include="source\vulkan\handles\Pipeline2.cpp">
      <Filter>Source Files\vulkan\handles</Filter>
    </ClCompile>
    <ClCompile Include="source\vulkan\PipelineInterface.cpp">
      <Filter>Source Files\vulkan</Filter>
    </ClCompile>
    <ClCompile Include="source\vulkan\TerrainEffect.cpp">
      <Filter>Source Files\vulkan\effects\terrain</Filter>
    </ClCompile>
    <ClCompile Include="source\vulkan\MarchingCubesEffect.cpp">
      <Filter>Source Files\vulkan\effects\marching_cubes</Filter>
    </ClCompile>
    <ClCompile Include="source\vulkan\PhongEffect.cpp">
      <Filter>Source Files\vulkan\effects\phong</Filter>
    </ClCompile>
    <ClCompile Include="source\vulkan\handles\Sampler.cpp">
      <Filter>Source Files\vulkan\handles</Filter>
    </ClCompile>
    <ClCompile Include="source\vulkan\ScreenQuadEffect.cpp">
      <Filter>Source Files\vulkan\effects\screenquad</Filter>
    </ClCompile>
    <ClCompile Include="source\vulkan\ScreenGui.cpp">
      <Filter>Source Files\vulkan</Filter>
    </ClCompile>
    <ClCompile Include="source\vulkan\RenderTarget.cpp">
      <Filter>Source Files\vulkan</Filter>
    </ClCompile>
    <ClCompile Include="source\vulkan\WaterEffect.cpp">
      <Filter>Source Files\vulkan\effects\water</Filter>
    </ClCompile>
    <ClCompile Include="source\WaterRenderer.cpp">
      <Filter>Source Files\terrain</Filter>
    </ClCompile>
    <ClCompile Include="source\vulkan\NormalDebugEffect.cpp">
      <Filter>Source Files\vulkan\effects\normal_debug</Filter>
    </ClCompile>
    <ClCompile Include="source\Input.cpp">
      <Filter>Source Files</Filter>
    </ClCompile>
    <ClCompile Include="source\utility\Utility.cpp">
      <Filter>Source Files\utility</Filter>
    </ClCompile>
    <ClCompile Include="external\imgui\imgui.cpp">
      <Filter>Source Files\imgui</Filter>
    </ClCompile>
    <ClCompile Include="external\imgui\imgui_draw.cpp">
      <Filter>Source Files\imgui</Filter>
    </ClCompile>
    <ClCompile Include="source\vulkan\ImguiEffect.cpp">
      <Filter>Source Files\vulkan\effects\imgui</Filter>
    </ClCompile>
    <ClCompile Include="source\vulkan\UIOverlay.cpp">
      <Filter>Source Files\vulkan</Filter>
    </ClCompile>
    <ClCompile Include="source\vulkan\ColorEffect.cpp">
      <Filter>Source Files</Filter>
    </ClCompile>
    <ClCompile Include="source\editor\Editor.cpp">
      <Filter>Source Files</Filter>
    </ClCompile>
    <ClCompile Include="source\editor\ActorInspector.cpp">
      <Filter>Source Files</Filter>
    </ClCompile>
    <ClCompile Include="source\editor\ComponentInspector.cpp">
      <Filter>Source Files</Filter>
    </ClCompile>
    <ClCompile Include="source\editor\TransformTool.cpp">
      <Filter>Source Files</Filter>
    </ClCompile>
    <ClCompile Include="source\utility\math\BoundingBox.cpp">
      <Filter>Source Files</Filter>
    </ClCompile>
    <ClCompile Include="source\utility\math\Sphere.cpp">
      <Filter>Source Files</Filter>
    </ClCompile>
    <ClCompile Include="source\utility\Timer.cpp">
      <Filter>Source Files</Filter>
    </ClCompile>
    <ClCompile Include="source\core\components\Actor.cpp">
      <Filter>Source Files\scene</Filter>
    </ClCompile>
    <ClCompile Include="source\core\components\CCamera.cpp">
      <Filter>Source Files\scene</Filter>
    </ClCompile>
    <ClCompile Include="source\core\components\CLight.cpp">
      <Filter>Source Files\scene</Filter>
    </ClCompile>
    <ClCompile Include="source\core\components\CNoClip.cpp">
      <Filter>Source Files\scene</Filter>
    </ClCompile>
    <ClCompile Include="source\core\components\Component.cpp">
      <Filter>Source Files\scene</Filter>
    </ClCompile>
    <ClCompile Include="source\core\components\COrbit.cpp">
      <Filter>Source Files\scene</Filter>
    </ClCompile>
    <ClCompile Include="source\core\components\CPlayerControl.cpp">
      <Filter>Source Files\scene</Filter>
    </ClCompile>
    <ClCompile Include="source\core\components\CRenderable.cpp">
      <Filter>Source Files\scene</Filter>
    </ClCompile>
    <ClCompile Include="source\core\components\CTransform.cpp">
      <Filter>Source Files\scene</Filter>
    </ClCompile>
    <ClCompile Include="source\core\Object.cpp">
      <Filter>Source Files\scene</Filter>
    </ClCompile>
    <ClCompile Include="source\core\ObjectManager.cpp">
      <Filter>Source Files\scene</Filter>
    </ClCompile>
    <ClCompile Include="source\core\SceneNode.cpp">
      <Filter>Source Files\scene</Filter>
    </ClCompile>
    <ClCompile Include="source\core\Transform.cpp">
      <Filter>Source Files\scene</Filter>
    </ClCompile>
    <ClCompile Include="source\core\World.cpp">
      <Filter>Source Files\scene</Filter>
    </ClCompile>
    <ClCompile Include="source\core\renderer\Light.cpp">
      <Filter>Source Files\scene</Filter>
    </ClCompile>
    <ClCompile Include="source\core\renderer\Renderable.cpp">
      <Filter>Source Files\scene</Filter>
    </ClCompile>
    <ClCompile Include="source\vulkan\GBufferEffect.cpp">
      <Filter>Source Files\vulkan\effects\gbuffer</Filter>
    </ClCompile>
    <ClCompile Include="source\vulkan\DeferredEffect.cpp">
      <Filter>Source Files\vulkan\effects\deferred</Filter>
    </ClCompile>
    <ClCompile Include="source\vulkan\BasicRenderTarget.cpp">
      <Filter>Source Files\vulkan</Filter>
    </ClCompile>
    <ClCompile Include="source\core\renderer\RenderingManager.cpp">
      <Filter>Source Files\scene</Filter>
    </ClCompile>
    <ClCompile Include="source\core\renderer\SceneJobs.cpp">
      <Filter>Source Files\scene</Filter>
    </ClCompile>
    <ClCompile Include="source\vulkan\SSAOEffect.cpp">
      <Filter>Source Files\vulkan\effects\ssao</Filter>
    </ClCompile>
    <ClCompile Include="source\vulkan\BlurEffect.cpp">
      <Filter>Source Files\vulkan\effects\blur</Filter>
    </ClCompile>
    <ClCompile Include="source\vulkan\ShaderFactory.cpp">
      <Filter>Source Files\vulkan</Filter>
    </ClCompile>
    <ClCompile Include="source\vulkan\handles\PipelineLegacy.cpp">
      <Filter>Source Files\vulkan\handles</Filter>
    </ClCompile>
    <ClCompile Include="source\vulkan\handles\Pipeline.cpp">
      <Filter>Source Files\vulkan\handles</Filter>
    </ClCompile>
    <ClCompile Include="source\vulkan\handles\EffectLegacy.cpp">
      <Filter>Source Files\vulkan\effects</Filter>
    </ClCompile>
    <ClCompile Include="source\vulkan\handles\Effect.cpp">
      <Filter>Source Files\vulkan\handles</Filter>
    </ClCompile>
    <ClCompile Include="source\vulkan\EffectManager.cpp">
      <Filter>Source Files\vulkan</Filter>
    </ClCompile>
    <ClCompile Include="source\core\LuaManager.cpp">
      <Filter>Source Files</Filter>
    </ClCompile>
    <ClCompile Include="source\core\ActorFactory.cpp">
      <Filter>Source Files</Filter>
    </ClCompile>
    <ClCompile Include="source\vulkan\SkyboxEffect.cpp">
      <Filter>Source Files\vulkan</Filter>
    </ClCompile>
    <ClCompile Include="source\core\terrain\Block.cpp">
      <Filter>Source Files\terrain\marching_cubes</Filter>
    </ClCompile>
    <ClCompile Include="source\core\terrain\MarchingCubes.cpp">
      <Filter>Source Files\terrain\marching_cubes</Filter>
    </ClCompile>
    <ClCompile Include="source\core\terrain\Terrain.cpp">
      <Filter>Source Files\terrain\marching_cubes</Filter>
    </ClCompile>
    <ClCompile Include="source\core\terrain\BaseTerrain.cpp">
      <Filter>Source Files\terrain</Filter>
    </ClCompile>
    <ClCompile Include="source\core\terrain\PerlinTerrain.cpp">
      <Filter>Source Files\terrain\heightmap</Filter>
    </ClCompile>
    <ClCompile Include="source\core\AssetLoader.cpp">
      <Filter>Source Files\scene</Filter>
    </ClCompile>
  </ItemGroup>
  <ItemGroup>
    <ClInclude Include="source\Window.h">
      <Filter>Header Files</Filter>
    </ClInclude>
    <ClInclude Include="source\Game.h">
      <Filter>Header Files</Filter>
    </ClInclude>
    <ClInclude Include="source\Camera.h">
      <Filter>Header Files</Filter>
    </ClInclude>
    <ClInclude Include="source\vulkan\handles\CommandBuffer.h">
      <Filter>Source Files\vulkan\handles</Filter>
    </ClInclude>
    <ClInclude Include="source\vulkan\handles\CommandPool.h">
      <Filter>Source Files\vulkan\handles</Filter>
    </ClInclude>
    <ClInclude Include="source\vulkan\handles\DescriptorSet.h">
      <Filter>Source Files\vulkan\handles</Filter>
    </ClInclude>
    <ClInclude Include="source\vulkan\handles\Fence.h">
      <Filter>Source Files\vulkan\handles</Filter>
    </ClInclude>
    <ClInclude Include="source\vulkan\handles\FrameBuffers.h">
      <Filter>Source Files\vulkan\handles</Filter>
    </ClInclude>
    <ClInclude Include="source\vulkan\handles\Handle.h">
      <Filter>Source Files\vulkan\handles</Filter>
    </ClInclude>
    <ClInclude Include="source\vulkan\handles\Image.h">
      <Filter>Source Files\vulkan\handles</Filter>
    </ClInclude>
    <ClInclude Include="source\vulkan\handles\Instance.h">
      <Filter>Source Files\vulkan\handles</Filter>
    </ClInclude>
    <ClInclude Include="source\vulkan\handles\PipelineLayout.h">
      <Filter>Source Files\vulkan\handles</Filter>
    </ClInclude>
    <ClInclude Include="source\vulkan\handles\Queue.h">
      <Filter>Source Files\vulkan\handles</Filter>
    </ClInclude>
    <ClInclude Include="source\vulkan\handles\RenderPass.h">
      <Filter>Source Files\vulkan\handles</Filter>
    </ClInclude>
    <ClInclude Include="source\vulkan\handles\Semaphore.h">
      <Filter>Source Files\vulkan\handles</Filter>
    </ClInclude>
    <ClInclude Include="source\vulkan\ModelLoader.h">
      <Filter>Source Files\vulkan</Filter>
    </ClInclude>
    <ClInclude Include="source\vulkan\StaticModel.h">
      <Filter>Source Files\vulkan</Filter>
    </ClInclude>
    <ClInclude Include="source\vulkan\TextureLoader.h">
      <Filter>Source Files\vulkan</Filter>
    </ClInclude>
    <ClInclude Include="source\vulkan\VertexDescription.h">
      <Filter>Source Files\vulkan</Filter>
    </ClInclude>
    <ClInclude Include="source\vulkan\VulkanBase.h">
      <Filter>Source Files\vulkan</Filter>
    </ClInclude>
    <ClInclude Include="source\vulkan\VulkanDebug.h">
      <Filter>Source Files\vulkan</Filter>
    </ClInclude>
    <ClInclude Include="source\vulkan\Device.h">
      <Filter>Source Files\vulkan</Filter>
    </ClInclude>
    <ClInclude Include="source\vulkan\vulkanswapchain.hpp">
      <Filter>Source Files\vulkan</Filter>
    </ClInclude>
    <ClInclude Include="source\vulkan\Vertex.h">
      <Filter>Source Files\vulkan</Filter>
    </ClInclude>
    <ClInclude Include="source\vulkan\Mesh.h">
      <Filter>Source Files\vulkan</Filter>
    </ClInclude>
    <ClInclude Include="source\Colors.h">
      <Filter>Header Files</Filter>
    </ClInclude>
    <ClInclude Include="source\vulkan\handles\DescriptorSetLayout.h">
      <Filter>Source Files\vulkan\handles</Filter>
    </ClInclude>
    <ClInclude Include="source\vulkan\Renderer.h">
      <Filter>Source Files\vulkan</Filter>
    </ClInclude>
    <ClInclude Include="source\vulkan\TextOverlay.h">
      <Filter>Source Files\vulkan</Filter>
    </ClInclude>
    <ClInclude Include="source\vulkan\handles\Texture.h">
      <Filter>Source Files\vulkan\handles</Filter>
    </ClInclude>
    <ClInclude Include="source\vulkan\handles\Buffer.h">
      <Filter>Source Files\vulkan\handles</Filter>
    </ClInclude>
    <ClInclude Include="source\vulkan\ShaderBuffer.h">
      <Filter>Source Files\vulkan</Filter>
    </ClInclude>
    <ClInclude Include="source\vulkan\handles\ComputePipeline.h">
      <Filter>Source Files\vulkan\handles</Filter>
    </ClInclude>
    <ClInclude Include="source\vulkan\handles\Pipeline2.h">
      <Filter>Source Files\vulkan\handles</Filter>
    </ClInclude>
    <ClInclude Include="source\vulkan\PipelineInterface.h">
      <Filter>Source Files\vulkan</Filter>
    </ClInclude>
    <ClInclude Include="source\vulkan\TerrainEffect.h">
      <Filter>Source Files\vulkan\effects\terrain</Filter>
    </ClInclude>
    <ClInclude Include="source\vulkan\MarchingCubesEffect.h">
      <Filter>Source Files\vulkan\effects\marching_cubes</Filter>
    </ClInclude>
    <ClInclude Include="source\vulkan\PhongEffect.h">
      <Filter>Source Files\vulkan\effects\phong</Filter>
    </ClInclude>
    <ClInclude Include="source\vulkan\handles\Sampler.h">
      <Filter>Source Files\vulkan\handles</Filter>
    </ClInclude>
    <ClInclude Include="source\vulkan\ScreenQuadEffect.h">
      <Filter>Source Files\vulkan\effects\screenquad</Filter>
    </ClInclude>
    <ClInclude Include="source\vulkan\ScreenGui.h">
      <Filter>Source Files\vulkan</Filter>
    </ClInclude>
    <ClInclude Include="source\vulkan\RenderTarget.h">
      <Filter>Source Files\vulkan</Filter>
    </ClInclude>
    <ClInclude Include="source\vulkan\WaterEffect.h">
      <Filter>Source Files\vulkan\effects\water</Filter>
    </ClInclude>
    <ClInclude Include="source\WaterRenderer.h">
      <Filter>Source Files\terrain</Filter>
    </ClInclude>
    <ClInclude Include="source\vulkan\NormalDebugEffect.h">
      <Filter>Source Files\vulkan\effects\normal_debug</Filter>
    </ClInclude>
    <ClInclude Include="source\Input.h">
      <Filter>Source Files</Filter>
    </ClInclude>
    <ClInclude Include="source\LightData.h">
      <Filter>Header Files</Filter>
    </ClInclude>
    <ClInclude Include="source\vulkan\VulkanInclude.h">
      <Filter>Source Files\vulkan</Filter>
    </ClInclude>
    <ClInclude Include="source\utility\Module.h">
      <Filter>Source Files\utility</Filter>
    </ClInclude>
    <ClInclude Include="source\utility\Utility.h">
      <Filter>Source Files\utility</Filter>
    </ClInclude>
    <ClInclude Include="external\imgui\imgui.h">
      <Filter>Source Files\imgui</Filter>
    </ClInclude>
    <ClInclude Include="external\imgui\imgui_internal.h">
      <Filter>Source Files\imgui</Filter>
    </ClInclude>
    <ClInclude Include="source\vulkan\ImguiEffect.h">
      <Filter>Source Files\vulkan\effects\imgui</Filter>
    </ClInclude>
    <ClInclude Include="source\vulkan\UIOverlay.h">
      <Filter>Source Files\vulkan</Filter>
    </ClInclude>
    <ClInclude Include="source\vulkan\ColorEffect.h">
      <Filter>Header Files</Filter>
    </ClInclude>
    <ClInclude Include="source\editor\Editor.h">
      <Filter>Header Files</Filter>
    </ClInclude>
    <ClInclude Include="source\editor\ActorInspector.h">
      <Filter>Header Files</Filter>
    </ClInclude>
    <ClInclude Include="source\editor\ComponentInspector.h">
      <Filter>Header Files</Filter>
    </ClInclude>
    <ClInclude Include="source\editor\TransformTool.h">
      <Filter>Source Files</Filter>
    </ClInclude>
    <ClInclude Include="source\utility\math\BoundingBox.h">
      <Filter>Header Files</Filter>
    </ClInclude>
    <ClInclude Include="source\utility\math\Ray.h">
      <Filter>Header Files</Filter>
    </ClInclude>
    <ClInclude Include="source\utility\math\Sphere.h">
      <Filter>Header Files</Filter>
    </ClInclude>
    <ClInclude Include="source\utility\Exception.h">
      <Filter>Source Files</Filter>
    </ClInclude>
    <ClInclude Include="source\utility\Timer.h">
      <Filter>Header Files</Filter>
    </ClInclude>
    <ClInclude Include="source\utility\Platform.h">
      <Filter>Header Files</Filter>
    </ClInclude>
    <ClInclude Include="source\core\components\Actor.h">
      <Filter>Source Files\scene</Filter>
    </ClInclude>
    <ClInclude Include="source\core\components\CCamera.h">
      <Filter>Source Files\scene</Filter>
    </ClInclude>
    <ClInclude Include="source\core\components\CLight.h">
      <Filter>Source Files\scene</Filter>
    </ClInclude>
    <ClInclude Include="source\core\components\CNoClip.h">
      <Filter>Source Files\scene</Filter>
    </ClInclude>
    <ClInclude Include="source\core\components\Component.h">
      <Filter>Source Files\scene</Filter>
    </ClInclude>
    <ClInclude Include="source\core\components\COrbit.h">
      <Filter>Source Files\scene</Filter>
    </ClInclude>
    <ClInclude Include="source\core\components\CPlayerControl.h">
      <Filter>Source Files\scene</Filter>
    </ClInclude>
    <ClInclude Include="source\core\components\CRenderable.h">
      <Filter>Source Files\scene</Filter>
    </ClInclude>
    <ClInclude Include="source\core\components\CTransform.h">
      <Filter>Source Files\scene</Filter>
    </ClInclude>
    <ClInclude Include="source\core\CommonBuffers.h">
      <Filter>Source Files\scene</Filter>
    </ClInclude>
    <ClInclude Include="source\core\Object.h">
      <Filter>Source Files\scene</Filter>
    </ClInclude>
    <ClInclude Include="source\core\ObjectManager.h">
      <Filter>Source Files\scene</Filter>
    </ClInclude>
    <ClInclude Include="source\core\SceneNode.h">
      <Filter>Source Files\scene</Filter>
    </ClInclude>
    <ClInclude Include="source\core\Transform.h">
      <Filter>Source Files\scene</Filter>
    </ClInclude>
    <ClInclude Include="source\core\World.h">
      <Filter>Source Files\scene</Filter>
    </ClInclude>
    <ClInclude Include="source\core\renderer\Light.h">
      <Filter>Source Files\scene</Filter>
    </ClInclude>
    <ClInclude Include="source\core\renderer\Renderable.h">
      <Filter>Source Files\scene</Filter>
    </ClInclude>
    <ClInclude Include="source\vulkan\GBufferEffect.h">
      <Filter>Source Files\vulkan\effects\gbuffer</Filter>
    </ClInclude>
    <ClInclude Include="source\vulkan\DeferredEffect.h">
      <Filter>Source Files\vulkan\effects\deferred</Filter>
    </ClInclude>
    <ClInclude Include="source\vulkan\BasicRenderTarget.h">
      <Filter>Source Files\vulkan</Filter>
    </ClInclude>
    <ClInclude Include="source\core\renderer\RenderingManager.h">
      <Filter>Source Files\scene</Filter>
    </ClInclude>
    <ClInclude Include="source\utility\Common.h">
      <Filter>Source Files\utility</Filter>
    </ClInclude>
    <ClInclude Include="source\core\renderer\SceneJobs.h">
      <Filter>Source Files\scene</Filter>
    </ClInclude>
    <ClInclude Include="source\vulkan\SSAOEffect.h">
      <Filter>Source Files\vulkan\effects\ssao</Filter>
    </ClInclude>
    <ClInclude Include="source\vulkan\BlurEffect.h">
      <Filter>Source Files\vulkan\effects\blur</Filter>
    </ClInclude>
    <ClInclude Include="source\vulkan\ShaderFactory.h">
      <Filter>Source Files\vulkan</Filter>
    </ClInclude>
    <ClInclude Include="source\vulkan\handles\PipelineLegacy.h">
      <Filter>Source Files\vulkan\handles</Filter>
    </ClInclude>
    <ClInclude Include="source\vulkan\handles\Pipeline.h">
      <Filter>Source Files\vulkan\handles</Filter>
    </ClInclude>
    <ClInclude Include="source\vulkan\EffectLegacy.h">
      <Filter>Source Files\vulkan\effects</Filter>
    </ClInclude>
    <ClInclude Include="source\vulkan\handles\Effect.h">
      <Filter>Source Files\vulkan\handles</Filter>
    </ClInclude>
    <ClInclude Include="source\vulkan\EffectManager.h">
      <Filter>Source Files\vulkan</Filter>
    </ClInclude>
    <ClInclude Include="source\core\LuaManager.h">
      <Filter>Source Files</Filter>
    </ClInclude>
    <ClInclude Include="source\core\ActorFactory.h">
      <Filter>Source Files</Filter>
    </ClInclude>
    <ClInclude Include="source\vulkan\CubeMapTexture.h">
      <Filter>Source Files\vulkan</Filter>
    </ClInclude>
    <ClInclude Include="source\vulkan\VulkanUtilities.h">
      <Filter>Source Files\vulkan</Filter>
    </ClInclude>
    <ClInclude Include="source\vulkan\SkyboxEffect.h">
      <Filter>Source Files\vulkan</Filter>
    </ClInclude>
    <ClInclude Include="source\core\terrain\Block.h">
      <Filter>Source Files\terrain\marching_cubes</Filter>
    </ClInclude>
    <ClInclude Include="source\core\terrain\MarchingCubes.h">
      <Filter>Source Files\terrain\marching_cubes</Filter>
    </ClInclude>
    <ClInclude Include="source\core\terrain\Terrain.h">
      <Filter>Source Files\terrain\marching_cubes</Filter>
    </ClInclude>
    <ClInclude Include="source\core\terrain\BaseTerrain.h">
      <Filter>Source Files\terrain</Filter>
    </ClInclude>
    <ClInclude Include="source\core\terrain\PerlinTerrain.h">
      <Filter>Source Files\terrain\heightmap</Filter>
    </ClInclude>
    <ClInclude Include="source\utility\PerlinNoise.h">
      <Filter>Source Files\utility</Filter>
    </ClInclude>
    <ClInclude Include="source\core\AssetLoader.h">
      <Filter>Source Files\scene</Filter>
    </ClInclude>
  </ItemGroup>
  <ItemGroup>
    <None Include="docs\roadmap.md">
      <Filter>docs</Filter>
    </None>
    <None Include="docs\software_requirements.md">
      <Filter>docs</Filter>
    </None>
    <None Include="docs\system_requirements.md">
      <Filter>docs</Filter>
    </None>
    <None Include="README.md">
      <Filter>Source Files</Filter>
    </None>
    <None Include="data\shaders\test\test.frag">
      <Filter>Source Files\shaders\test</Filter>
    </None>
    <None Include="data\shaders\test\test.vert">
      <Filter>Source Files\shaders\test</Filter>
    </None>
    <None Include="docs\notes.md">
      <Filter>docs</Filter>
    </None>
    <None Include="data\shaders\geometry\base.frag">
      <Filter>Source Files\shaders\geometry</Filter>
    </None>
    <None Include="data\shaders\geometry\base.vert">
      <Filter>Source Files\shaders\geometry</Filter>
    </None>
    <None Include="data\shaders\geometry\normaldebug.geom">
      <Filter>Source Files\shaders\geometry</Filter>
    </None>
    <None Include="data\shaders\textoverlay\text.frag">
      <Filter>Source Files\shaders\text</Filter>
    </None>
    <None Include="data\shaders\textoverlay\text.vert">
      <Filter>Source Files\shaders\text</Filter>
    </None>
    <None Include="data\shaders\terrain\terrain.frag">
      <Filter>Source Files\vulkan\effects\terrain\shader</Filter>
    </None>
    <None Include="data\shaders\terrain\terrain.vert">
      <Filter>Source Files\vulkan\effects\terrain\shader</Filter>
    </None>
    <None Include="data\shaders\marching_cubes\marching_cubes.comp">
      <Filter>Source Files\vulkan\effects\marching_cubes\shader</Filter>
    </None>
    <None Include="data\shaders\phong\phong.frag">
      <Filter>Source Files\vulkan\effects\phong\shaders</Filter>
    </None>
    <None Include="data\shaders\phong\phong.vert">
      <Filter>Source Files\vulkan\effects\phong\shaders</Filter>
    </None>
    <None Include="data\shaders\screenquad\screenquad.frag">
      <Filter>Source Files\vulkan\effects\screenquad\shaders</Filter>
    </None>
    <None Include="data\shaders\screenquad\screenquad.vert">
      <Filter>Source Files\vulkan\effects\screenquad\shaders</Filter>
    </None>
    <None Include="data\shaders\water\water.frag">
      <Filter>Source Files\vulkan\effects\water\shader</Filter>
    </None>
    <None Include="data\shaders\water\water.vert">
      <Filter>Source Files\vulkan\effects\water\shader</Filter>
    </None>
    <None Include="data\shaders\normal_debug\base.frag">
      <Filter>Source Files\vulkan\effects\normal_debug\shaders</Filter>
    </None>
    <None Include="data\shaders\normal_debug\base.vert">
      <Filter>Source Files\vulkan\effects\normal_debug\shaders</Filter>
    </None>
    <None Include="data\shaders\normal_debug\normaldebug.geom">
      <Filter>Source Files\vulkan\effects\normal_debug\shaders</Filter>
    </None>
    <None Include="data\shaders\imgui\uioverlay.frag">
      <Filter>Source Files\vulkan\effects\imgui\shader</Filter>
    </None>
    <None Include="data\shaders\imgui\uioverlay.vert">
      <Filter>Source Files\vulkan\effects\imgui\shader</Filter>
    </None>
    <None Include="data\shaders\color\color.frag" />
    <None Include="data\shaders\color\color.vert" />
    <None Include="data\shaders\deferred\gbuffer.vert">
      <Filter>Source Files\vulkan\effects\gbuffer\shaders</Filter>
    </None>
    <None Include="data\shaders\deferred\gbuffer.frag">
      <Filter>Source Files\vulkan\effects\gbuffer\shaders</Filter>
    </None>
    <None Include="data\shaders\deferred\deferred.frag">
      <Filter>Source Files\vulkan\effects\deferred\shaders</Filter>
    </None>
    <None Include="data\shaders\deferred\deferred.vert">
      <Filter>Source Files\vulkan\effects\deferred\shaders</Filter>
    </None>
    <None Include="data\shaders\ssao\generate-spirv.bat">
      <Filter>Source Files\vulkan\effects\ssao\shader</Filter>
    </None>
    <None Include="data\shaders\ssao\ssao.frag">
      <Filter>Source Files\vulkan\effects\ssao\shader</Filter>
    </None>
    <None Include="data\shaders\ssao\ssao.vert">
      <Filter>Source Files\vulkan\effects\ssao\shader</Filter>
    </None>
    <None Include="data\shaders\blur\blur.frag">
      <Filter>Source Files\vulkan\effects\blur\shader</Filter>
    </None>
    <None Include="data\shaders\blur\blur.vert">
      <Filter>Source Files\vulkan\effects\blur\shader</Filter>
    </None>
    <None Include="data\shaders\blur\generate-spirv.bat">
      <Filter>Source Files\vulkan\effects\blur\shader</Filter>
    </None>
  </ItemGroup>
  <ItemGroup>
    <Text Include="docs\todo.md">
      <Filter>docs</Filter>
    </Text>
  </ItemGroup>
</Project>