<?xml version="1.0" encoding="utf-8"?>
<Project ToolsVersion="4.0" xmlns="http://schemas.microsoft.com/developer/msbuild/2003">
  <ItemGroup>
    <Filter Include="Source Files">
      <UniqueIdentifier>{4FC737F1-C7A5-4376-A066-2A32D752A2FF}</UniqueIdentifier>
      <Extensions>cpp;c;cc;cxx;def;odl;idl;hpj;bat;asm;asmx</Extensions>
    </Filter>
    <Filter Include="Header Files">
      <UniqueIdentifier>{93995380-89BD-4b04-88EB-625FBE52EBFB}</UniqueIdentifier>
      <Extensions>h;hh;hpp;hxx;hm;inl;inc;xsd</Extensions>
    </Filter>
    <Filter Include="Resource Files">
      <UniqueIdentifier>{67DA6AB6-F800-4c08-8B7A-83BB121AAD01}</UniqueIdentifier>
      <Extensions>rc;ico;cur;bmp;dlg;rc2;rct;bin;rgs;gif;jpg;jpeg;jpe;resx;tiff;tif;png;wav</Extensions>
    </Filter>
    <Filter Include="docs">
      <UniqueIdentifier>{3e1d716f-b9bb-4e3d-9824-84e11a3e035a}</UniqueIdentifier>
    </Filter>
    <Filter Include="Source Files\model">
      <UniqueIdentifier>{dc8908bd-669a-478b-b3aa-cc4a7d61975d}</UniqueIdentifier>
    </Filter>
    <Filter Include="Source Files\shaders">
      <UniqueIdentifier>{4b9640ab-3ca8-4181-a8a4-b43faf1930f0}</UniqueIdentifier>
    </Filter>
    <Filter Include="Source Files\shaders\phong">
      <UniqueIdentifier>{1f6e2f10-3ba8-458e-8275-2b47ce8d723a}</UniqueIdentifier>
    </Filter>
    <Filter Include="Source Files\shaders\test">
      <UniqueIdentifier>{5ae90826-31cc-411d-b982-f7a88e2ba631}</UniqueIdentifier>
    </Filter>
    <Filter Include="Source Files\ecs">
      <UniqueIdentifier>{097edc4d-5926-4d5c-be13-6590d56b72dc}</UniqueIdentifier>
    </Filter>
    <Filter Include="Source Files\vulkan">
      <UniqueIdentifier>{066db12e-ccda-4f4e-807c-e3d02017ffb4}</UniqueIdentifier>
    </Filter>
    <Filter Include="Source Files\vulkan\handles">
      <UniqueIdentifier>{9195b835-50c6-4ffd-96bd-187dd8c7fd6f}</UniqueIdentifier>
    </Filter>
    <Filter Include="Source Files\ecs\systems">
      <UniqueIdentifier>{bcbd577c-5819-4520-9087-456c369683e5}</UniqueIdentifier>
    </Filter>
    <Filter Include="Source Files\ecs\components">
      <UniqueIdentifier>{5c273a02-ddf0-4826-bbf4-841160c99fe7}</UniqueIdentifier>
    </Filter>
    <Filter Include="Source Files\shaders\geometry">
      <UniqueIdentifier>{af8adda5-88c8-474b-ad59-41a01731b147}</UniqueIdentifier>
    </Filter>
  </ItemGroup>
  <ItemGroup>
    <ClCompile Include="source\Window.cpp">
      <Filter>Source Files</Filter>
    </ClCompile>
    <ClCompile Include="source\Timer.cpp">
      <Filter>Source Files</Filter>
    </ClCompile>
    <ClCompile Include="source\main.cpp">
      <Filter>Source Files</Filter>
    </ClCompile>
    <ClCompile Include="source\Game.cpp">
      <Filter>Source Files</Filter>
    </ClCompile>
    <ClCompile Include="source\Camera.cpp">
      <Filter>Source Files</Filter>
    </ClCompile>
    <ClCompile Include="source\Light.cpp">
      <Filter>Source Files</Filter>
    </ClCompile>
    <ClCompile Include="source\ecs\components\MeshComponent.cpp">
      <Filter>Source Files\ecs\components</Filter>
    </ClCompile>
    <ClCompile Include="source\ecs\components\PhysicsComponent.cpp">
      <Filter>Source Files\ecs\components</Filter>
    </ClCompile>
    <ClCompile Include="source\ecs\components\TransformComponent.cpp">
      <Filter>Source Files\ecs\components</Filter>
    </ClCompile>
    <ClCompile Include="source\ecs\systems\PhysicsSystem.cpp">
      <Filter>Source Files\ecs\systems</Filter>
    </ClCompile>
    <ClCompile Include="source\ecs\systems\RenderSystem.cpp">
      <Filter>Source Files\ecs\systems</Filter>
    </ClCompile>
    <ClCompile Include="source\vulkan\handles\CommandBuffer.cpp">
      <Filter>Source Files\vulkan\handles</Filter>
    </ClCompile>
    <ClCompile Include="source\vulkan\handles\CommandPool.cpp">
      <Filter>Source Files\vulkan\handles</Filter>
    </ClCompile>
    <ClCompile Include="source\vulkan\handles\DescriptorSet.cpp">
      <Filter>Source Files\vulkan\handles</Filter>
    </ClCompile>
    <ClCompile Include="source\vulkan\handles\Fence.cpp">
      <Filter>Source Files\vulkan\handles</Filter>
    </ClCompile>
    <ClCompile Include="source\vulkan\handles\FrameBuffers.cpp">
      <Filter>Source Files\vulkan\handles</Filter>
    </ClCompile>
    <ClCompile Include="source\vulkan\handles\Handle.cpp">
      <Filter>Source Files\vulkan\handles</Filter>
    </ClCompile>
    <ClCompile Include="source\vulkan\handles\Image.cpp">
      <Filter>Source Files\vulkan\handles</Filter>
    </ClCompile>
    <ClCompile Include="source\vulkan\handles\Instance.cpp">
      <Filter>Source Files\vulkan\handles</Filter>
    </ClCompile>
    <ClCompile Include="source\vulkan\handles\Pipeline.cpp">
      <Filter>Source Files\vulkan\handles</Filter>
    </ClCompile>
    <ClCompile Include="source\vulkan\handles\PipelineLayout.cpp">
      <Filter>Source Files\vulkan\handles</Filter>
    </ClCompile>
    <ClCompile Include="source\vulkan\handles\Queue.cpp">
      <Filter>Source Files\vulkan\handles</Filter>
    </ClCompile>
    <ClCompile Include="source\vulkan\handles\RenderPass.cpp">
      <Filter>Source Files\vulkan\handles</Filter>
    </ClCompile>
    <ClCompile Include="source\vulkan\handles\Semaphore.cpp">
      <Filter>Source Files\vulkan\handles</Filter>
    </ClCompile>
    <ClCompile Include="source\vulkan\FragmentUniformBuffer.cpp">
      <Filter>Source Files\vulkan</Filter>
    </ClCompile>
    <ClCompile Include="source\vulkan\ModelLoader.cpp">
      <Filter>Source Files\vulkan</Filter>
    </ClCompile>
    <ClCompile Include="source\vulkan\ShaderManager.cpp">
      <Filter>Source Files\vulkan</Filter>
    </ClCompile>
    <ClCompile Include="source\vulkan\StaticModel.cpp">
      <Filter>Source Files\vulkan</Filter>
    </ClCompile>
    <ClCompile Include="source\vulkan\TextureLoader.cpp">
      <Filter>Source Files\vulkan</Filter>
    </ClCompile>
    <ClCompile Include="source\vulkan\UniformBuffer.cpp">
      <Filter>Source Files\vulkan</Filter>
    </ClCompile>
    <ClCompile Include="source\vulkan\VertexUniformBuffer.cpp">
      <Filter>Source Files\vulkan</Filter>
    </ClCompile>
    <ClCompile Include="source\vulkan\VulkanBase.cpp">
      <Filter>Source Files\vulkan</Filter>
    </ClCompile>
    <ClCompile Include="source\vulkan\VulkanDebug.cpp">
      <Filter>Source Files\vulkan</Filter>
    </ClCompile>
    <ClCompile Include="source\vulkan\VulkanHelpers.cpp">
      <Filter>Source Files\vulkan</Filter>
    </ClCompile>
    <ClCompile Include="source\vulkan\Device.cpp">
      <Filter>Source Files\vulkan</Filter>
    </ClCompile>
    <ClCompile Include="source\ecs\Entity.cpp">
      <Filter>Source Files\ecs</Filter>
    </ClCompile>
    <ClCompile Include="source\ecs\EntityManager.cpp">
      <Filter>Source Files\ecs</Filter>
    </ClCompile>
    <ClCompile Include="source\ecs\systems\PickingSystem.cpp">
      <Filter>Source Files\ecs\systems</Filter>
    </ClCompile>
    <ClCompile Include="source\Collision.cpp">
      <Filter>Source Files</Filter>
    </ClCompile>
    <ClCompile Include="source\vulkan\Mesh.cpp">
      <Filter>Source Files\vulkan</Filter>
    </ClCompile>
    <ClCompile Include="source\ecs\components\HealthComponent.cpp">
      <Filter>Source Files\ecs\components</Filter>
    </ClCompile>
    <ClCompile Include="source\ecs\systems\HealthSystem.cpp">
      <Filter>Source Files\ecs\systems</Filter>
    </ClCompile>
    <ClCompile Include="source\ecs\systems\System.cpp">
      <Filter>Source Files\ecs\systems</Filter>
    </ClCompile>
    <ClCompile Include="source\vulkan\handles\DescriptorSetLayout.cpp">
      <Filter>Source Files\vulkan\handles</Filter>
    </ClCompile>
    <ClCompile Include="source\vulkan\Renderer.cpp">
      <Filter>Source Files\vulkan</Filter>
    </ClCompile>
  </ItemGroup>
  <ItemGroup>
    <ClInclude Include="source\Platform.h">
      <Filter>Header Files</Filter>
    </ClInclude>
    <ClInclude Include="source\Window.h">
      <Filter>Header Files</Filter>
    </ClInclude>
    <ClInclude Include="source\Timer.h">
      <Filter>Header Files</Filter>
    </ClInclude>
    <ClInclude Include="source\Game.h">
      <Filter>Header Files</Filter>
    </ClInclude>
    <ClInclude Include="source\Camera.h">
      <Filter>Header Files</Filter>
    </ClInclude>
    <ClInclude Include="source\Light.h">
      <Filter>Header Files</Filter>
    </ClInclude>
    <ClInclude Include="source\ecs\components\Component.h">
      <Filter>Source Files\ecs\components</Filter>
    </ClInclude>
    <ClInclude Include="source\ecs\components\MeshComponent.h">
      <Filter>Source Files\ecs\components</Filter>
    </ClInclude>
    <ClInclude Include="source\ecs\components\PhysicsComponent.h">
      <Filter>Source Files\ecs\components</Filter>
    </ClInclude>
    <ClInclude Include="source\ecs\components\TransformComponent.h">
      <Filter>Source Files\ecs\components</Filter>
    </ClInclude>
    <ClInclude Include="source\ecs\systems\PhysicsSystem.h">
      <Filter>Source Files\ecs\systems</Filter>
    </ClInclude>
    <ClInclude Include="source\ecs\systems\RenderSystem.h">
      <Filter>Source Files\ecs\systems</Filter>
    </ClInclude>
    <ClInclude Include="source\ecs\systems\System.h">
      <Filter>Source Files\ecs\systems</Filter>
    </ClInclude>
    <ClInclude Include="source\vulkan\handles\CommandBuffer.h">
      <Filter>Source Files\vulkan\handles</Filter>
    </ClInclude>
    <ClInclude Include="source\vulkan\handles\CommandPool.h">
      <Filter>Source Files\vulkan\handles</Filter>
    </ClInclude>
    <ClInclude Include="source\vulkan\handles\DescriptorSet.h">
      <Filter>Source Files\vulkan\handles</Filter>
    </ClInclude>
    <ClInclude Include="source\vulkan\handles\Fence.h">
      <Filter>Source Files\vulkan\handles</Filter>
    </ClInclude>
    <ClInclude Include="source\vulkan\handles\FrameBuffers.h">
      <Filter>Source Files\vulkan\handles</Filter>
    </ClInclude>
    <ClInclude Include="source\vulkan\handles\Handle.h">
      <Filter>Source Files\vulkan\handles</Filter>
    </ClInclude>
    <ClInclude Include="source\vulkan\handles\Image.h">
      <Filter>Source Files\vulkan\handles</Filter>
    </ClInclude>
    <ClInclude Include="source\vulkan\handles\Instance.h">
      <Filter>Source Files\vulkan\handles</Filter>
    </ClInclude>
    <ClInclude Include="source\vulkan\handles\Pipeline.h">
      <Filter>Source Files\vulkan\handles</Filter>
    </ClInclude>
    <ClInclude Include="source\vulkan\handles\PipelineLayout.h">
      <Filter>Source Files\vulkan\handles</Filter>
    </ClInclude>
    <ClInclude Include="source\vulkan\handles\Queue.h">
      <Filter>Source Files\vulkan\handles</Filter>
    </ClInclude>
    <ClInclude Include="source\vulkan\handles\RenderPass.h">
      <Filter>Source Files\vulkan\handles</Filter>
    </ClInclude>
    <ClInclude Include="source\vulkan\handles\Semaphore.h">
      <Filter>Source Files\vulkan\handles</Filter>
    </ClInclude>
    <ClInclude Include="source\vulkan\FragmentUniformBuffer.h">
      <Filter>Source Files\vulkan</Filter>
    </ClInclude>
    <ClInclude Include="source\vulkan\ModelLoader.h">
      <Filter>Source Files\vulkan</Filter>
    </ClInclude>
    <ClInclude Include="source\vulkan\ShaderManager.h">
      <Filter>Source Files\vulkan</Filter>
    </ClInclude>
    <ClInclude Include="source\vulkan\StaticModel.h">
      <Filter>Source Files\vulkan</Filter>
    </ClInclude>
    <ClInclude Include="source\vulkan\TextureLoader.h">
      <Filter>Source Files\vulkan</Filter>
    </ClInclude>
    <ClInclude Include="source\vulkan\UniformBuffer.h">
      <Filter>Source Files\vulkan</Filter>
    </ClInclude>
    <ClInclude Include="source\vulkan\VertexDescription.h">
      <Filter>Source Files\vulkan</Filter>
    </ClInclude>
    <ClInclude Include="source\vulkan\VertexUniformBuffer.h">
      <Filter>Source Files\vulkan</Filter>
    </ClInclude>
    <ClInclude Include="source\vulkan\VulkanBase.h">
      <Filter>Source Files\vulkan</Filter>
    </ClInclude>
    <ClInclude Include="source\vulkan\VulkanDebug.h">
      <Filter>Source Files\vulkan</Filter>
    </ClInclude>
    <ClInclude Include="source\vulkan\VulkanHelpers.h">
      <Filter>Source Files\vulkan</Filter>
    </ClInclude>
    <ClInclude Include="source\vulkan\Device.h">
      <Filter>Source Files\vulkan</Filter>
    </ClInclude>
    <ClInclude Include="source\ecs\Entity.h">
      <Filter>Source Files\ecs</Filter>
    </ClInclude>
    <ClInclude Include="source\ecs\EntityManager.h">
      <Filter>Source Files\ecs</Filter>
    </ClInclude>
    <ClInclude Include="source\vulkan\vulkanswapchain.hpp">
      <Filter>Source Files\vulkan</Filter>
    </ClInclude>
    <ClInclude Include="source\ecs\systems\PickingSystem.h">
      <Filter>Source Files\ecs\systems</Filter>
    </ClInclude>
    <ClInclude Include="source\Collision.h">
      <Filter>Header Files</Filter>
    </ClInclude>
    <ClInclude Include="source\vulkan\Vertex.h">
      <Filter>Source Files\vulkan</Filter>
    </ClInclude>
    <ClInclude Include="source\vulkan\Mesh.h">
      <Filter>Source Files\vulkan</Filter>
    </ClInclude>
    <ClInclude Include="source\Colors.h">
      <Filter>Header Files</Filter>
    </ClInclude>
    <ClInclude Include="source\ecs\components\HealthComponent.h">
      <Filter>Source Files\ecs\components</Filter>
    </ClInclude>
    <ClInclude Include="source\ecs\systems\HealthSystem.h">
      <Filter>Source Files\ecs\systems</Filter>
    </ClInclude>
    <ClInclude Include="source\vulkan\handles\DescriptorSetLayout.h">
      <Filter>Source Files\vulkan\handles</Filter>
    </ClInclude>
    <ClInclude Include="source\vulkan\Renderer.h">
      <Filter>Source Files\vulkan</Filter>
    </ClInclude>
    <ClInclude Include="source\vulkan\TextOverlay.h">
      <Filter>Source Files\vulkan</Filter>
    </ClInclude>
  </ItemGroup>
  <ItemGroup>
    <None Include="docs\roadmap.md">
      <Filter>docs</Filter>
    </None>
    <None Include="docs\software_requirements.md">
      <Filter>docs</Filter>
    </None>
    <None Include="docs\system_requirements.md">
      <Filter>docs</Filter>
    </None>
    <None Include="README.md">
      <Filter>Source Files</Filter>
    </None>
    <None Include="data\shaders\phong\phong.frag">
      <Filter>Source Files\shaders\phong</Filter>
    </None>
    <None Include="data\shaders\phong\phong.vert">
      <Filter>Source Files\shaders\phong</Filter>
    </None>
    <None Include="data\shaders\test\test.frag">
      <Filter>Source Files\shaders\test</Filter>
    </None>
    <None Include="data\shaders\test\test.vert">
      <Filter>Source Files\shaders\test</Filter>
    </None>
    <None Include="docs\notes.md">
      <Filter>docs</Filter>
    </None>
    <None Include="data\shaders\geometry\base.frag">
      <Filter>Source Files\shaders\geometry</Filter>
    </None>
    <None Include="data\shaders\geometry\base.vert">
      <Filter>Source Files\shaders\geometry</Filter>
    </None>
    <None Include="data\shaders\geometry\normaldebug.geom">
      <Filter>Source Files\shaders\geometry</Filter>
    </None>
  </ItemGroup>
  <ItemGroup>
    <Text Include="docs\todo.md">
      <Filter>docs</Filter>
    </Text>
  </ItemGroup>
</Project>